
Microsoft Visual Studio Solution File, Format Version 12.00
# Visual Studio 15
VisualStudioVersion = 15.0.28307.271
MinimumVisualStudioVersion = 10.0.40219.1
Project("{FAE04EC0-301F-11D3-BF4B-00C04F79EFBC}") = "Logs", "Logs\Logs.csproj", "{A7D0B662-AC5B-4D6E-A6E3-0A2391369AEF}"
EndProject
Global
	GlobalSection(SolutionConfigurationPlatforms) = preSolution
		Debug|Any CPU = Debug|Any CPU
		Release|Any CPU = Release|Any CPU
	EndGlobalSection
	GlobalSection(ProjectConfigurationPlatforms) = postSolution
		{A7D0B662-AC5B-4D6E-A6E3-0A2391369AEF}.Debug|Any CPU.ActiveCfg = Debug|Any CPU
		{A7D0B662-AC5B-4D6E-A6E3-0A2391369AEF}.Debug|Any CPU.Build.0 = Debug|Any CPU
		{A7D0B662-AC5B-4D6E-A6E3-0A2391369AEF}.Release|Any CPU.ActiveCfg = Release|Any CPU
		{A7D0B662-AC5B-4D6E-A6E3-0A2391369AEF}.Release|Any CPU.Build.0 = Release|Any CPU
	EndGlobalSection
	GlobalSection(SolutionProperties) = preSolution
		HideSolutionNode = FALSE
	EndGlobalSection
	GlobalSection(ExtensibilityGlobals) = postSolution
		SolutionGuid = {6DFB0BD8-08B7-4740-A812-1D0030110B23}
	EndGlobalSection
EndGlobal
